
Microsoft Visual Studio Solution File, Format Version 12.00
# Visual Studio Version 17
VisualStudioVersion = 17.8.34309.116
MinimumVisualStudioVersion = 10.0.40219.1
Project("{FAE04EC0-301F-11D3-BF4B-00C04F79EFBC}") = "WebAPINorthWind", "WebAPINorthWind\WebAPINorthWind.csproj", "{FCDD1B7B-8E34-4852-9D84-281B35494CFB}"
EndProject
Global
	GlobalSection(SolutionConfigurationPlatforms) = preSolution
		Debug|Any CPU = Debug|Any CPU
		Release|Any CPU = Release|Any CPU
	EndGlobalSection
	GlobalSection(ProjectConfigurationPlatforms) = postSolution
		{FCDD1B7B-8E34-4852-9D84-281B35494CFB}.Debug|Any CPU.ActiveCfg = Debug|Any CPU
		{FCDD1B7B-8E34-4852-9D84-281B35494CFB}.Debug|Any CPU.Build.0 = Debug|Any CPU
		{FCDD1B7B-8E34-4852-9D84-281B35494CFB}.Release|Any CPU.ActiveCfg = Release|Any CPU
		{FCDD1B7B-8E34-4852-9D84-281B35494CFB}.Release|Any CPU.Build.0 = Release|Any CPU
	EndGlobalSection
	GlobalSection(SolutionProperties) = preSolution
		HideSolutionNode = FALSE
	EndGlobalSection
	GlobalSection(ExtensibilityGlobals) = postSolution
		SolutionGuid = {7EC05BA1-8D21-49B1-9873-28ACE7B8E80F}
	EndGlobalSection
EndGlobal
